
Microsoft Visual Studio Solution File, Format Version 12.00
# Visual Studio Version 16
VisualStudioVersion = 16.0.30413.136
MinimumVisualStudioVersion = 10.0.40219.1
Project("{9A19103F-16F7-4668-BE54-9A1E7A4F7556}") = "AMA.WebApi", "AMA.WebApi.csproj", "{F78A262E-69CC-4EF9-9DC0-BA264AEDB0EA}"
EndProject
Project("{9A19103F-16F7-4668-BE54-9A1E7A4F7556}") = "AMA.Users", "..\..\AMA.Users\AMA.Users\AMA.Users.csproj", "{71AF0A77-FE58-4FC7-8872-5117D4EAF5E6}"
EndProject
Project("{9A19103F-16F7-4668-BE54-9A1E7A4F7556}") = "AMA.Persistence", "..\..\AMA.Persistence\AMA.Persistence\AMA.Persistence.csproj", "{3AB0A383-AD0D-4166-B20F-C62AA7AFA038}"
EndProject
Project("{9A19103F-16F7-4668-BE54-9A1E7A4F7556}") = "AMA.Common", "..\..\AMA.Common\AMA.Common\AMA.Common.csproj", "{FE1672FC-BC99-4A0E-976F-377D2BD5D1FA}"
EndProject
Project("{2150E333-8FDC-42A3-9474-1A3956D46DE8}") = "Src", "Src", "{58265DB6-05CA-48CC-9CEF-872C936E4219}"
EndProject
Project("{2150E333-8FDC-42A3-9474-1A3956D46DE8}") = "Tests", "Tests", "{FD13B8D6-B6C0-4E6F-AABC-30A0A690B241}"
EndProject
Project("{9A19103F-16F7-4668-BE54-9A1E7A4F7556}") = "AMA.Users.Test", "..\..\AMA.Users\AMA.Users.Test\AMA.Users.Test.csproj", "{EF794DC4-B0DF-47BF-A825-DB0F00CE81C4}"
EndProject
Global
	GlobalSection(SolutionConfigurationPlatforms) = preSolution
		Debug|Any CPU = Debug|Any CPU
		Release|Any CPU = Release|Any CPU
	EndGlobalSection
	GlobalSection(ProjectConfigurationPlatforms) = postSolution
		{F78A262E-69CC-4EF9-9DC0-BA264AEDB0EA}.Debug|Any CPU.ActiveCfg = Debug|Any CPU
		{F78A262E-69CC-4EF9-9DC0-BA264AEDB0EA}.Debug|Any CPU.Build.0 = Debug|Any CPU
		{F78A262E-69CC-4EF9-9DC0-BA264AEDB0EA}.Release|Any CPU.ActiveCfg = Release|Any CPU
		{F78A262E-69CC-4EF9-9DC0-BA264AEDB0EA}.Release|Any CPU.Build.0 = Release|Any CPU
		{71AF0A77-FE58-4FC7-8872-5117D4EAF5E6}.Debug|Any CPU.ActiveCfg = Debug|Any CPU
		{71AF0A77-FE58-4FC7-8872-5117D4EAF5E6}.Debug|Any CPU.Build.0 = Debug|Any CPU
		{71AF0A77-FE58-4FC7-8872-5117D4EAF5E6}.Release|Any CPU.ActiveCfg = Release|Any CPU
		{71AF0A77-FE58-4FC7-8872-5117D4EAF5E6}.Release|Any CPU.Build.0 = Release|Any CPU
		{3AB0A383-AD0D-4166-B20F-C62AA7AFA038}.Debug|Any CPU.ActiveCfg = Debug|Any CPU
		{3AB0A383-AD0D-4166-B20F-C62AA7AFA038}.Debug|Any CPU.Build.0 = Debug|Any CPU
		{3AB0A383-AD0D-4166-B20F-C62AA7AFA038}.Release|Any CPU.ActiveCfg = Release|Any CPU
		{3AB0A383-AD0D-4166-B20F-C62AA7AFA038}.Release|Any CPU.Build.0 = Release|Any CPU
		{FE1672FC-BC99-4A0E-976F-377D2BD5D1FA}.Debug|Any CPU.ActiveCfg = Debug|Any CPU
		{FE1672FC-BC99-4A0E-976F-377D2BD5D1FA}.Debug|Any CPU.Build.0 = Debug|Any CPU
		{FE1672FC-BC99-4A0E-976F-377D2BD5D1FA}.Release|Any CPU.ActiveCfg = Release|Any CPU
		{FE1672FC-BC99-4A0E-976F-377D2BD5D1FA}.Release|Any CPU.Build.0 = Release|Any CPU
		{EF794DC4-B0DF-47BF-A825-DB0F00CE81C4}.Debug|Any CPU.ActiveCfg = Debug|Any CPU
		{EF794DC4-B0DF-47BF-A825-DB0F00CE81C4}.Debug|Any CPU.Build.0 = Debug|Any CPU
		{EF794DC4-B0DF-47BF-A825-DB0F00CE81C4}.Release|Any CPU.ActiveCfg = Release|Any CPU
		{EF794DC4-B0DF-47BF-A825-DB0F00CE81C4}.Release|Any CPU.Build.0 = Release|Any CPU
	EndGlobalSection
	GlobalSection(SolutionProperties) = preSolution
		HideSolutionNode = FALSE
	EndGlobalSection
	GlobalSection(NestedProjects) = preSolution
		{F78A262E-69CC-4EF9-9DC0-BA264AEDB0EA} = {58265DB6-05CA-48CC-9CEF-872C936E4219}
		{71AF0A77-FE58-4FC7-8872-5117D4EAF5E6} = {58265DB6-05CA-48CC-9CEF-872C936E4219}
		{3AB0A383-AD0D-4166-B20F-C62AA7AFA038} = {58265DB6-05CA-48CC-9CEF-872C936E4219}
		{FE1672FC-BC99-4A0E-976F-377D2BD5D1FA} = {58265DB6-05CA-48CC-9CEF-872C936E4219}
		{EF794DC4-B0DF-47BF-A825-DB0F00CE81C4} = {FD13B8D6-B6C0-4E6F-AABC-30A0A690B241}
	EndGlobalSection
	GlobalSection(ExtensibilityGlobals) = postSolution
		SolutionGuid = {BAE358FA-15D9-457F-986C-77718888736D}
	EndGlobalSection
EndGlobal
